PODS:
  - Alamofire (3.4.0)
  - BrightFutures (3.3.0):
    - Result (~> 1.0)
  - PactConsumerSwift (0.1.5):
    - Alamofire (~> 3.1)
    - BrightFutures (~> 3.2)
  - Result (1.0.2)

DEPENDENCIES:
  - PactConsumerSwift (from `https://github.com/DiUS/pact-consumer-swift`, branch `master`)

EXTERNAL SOURCES:
  PactConsumerSwift:
    :branch: master
    :git: https://github.com/DiUS/pact-consumer-swift

CHECKOUT OPTIONS:
  PactConsumerSwift:
    :commit: 4bde4e5cd4e857fcb0f54ee13735ee473a970be1
    :git: https://github.com/DiUS/pact-consumer-swift

SPEC CHECKSUMS:
  Alamofire: c19a627cefd6a95f840401c49ab1f124e07f54ee
  BrightFutures: f4b491b3107487a0469973a74f81f334eb0ed60a
  PactConsumerSwift: 5bfe9b5a3935ce0858014bcb43f1ec5e86437944
  Result: dd3dd71af3fa2e262f1a999e14fba2c25ec14f16

PODFILE CHECKSUM: b2d1ff7b566aa7bf3e7ea341a7bc956cb200b812

COCOAPODS: 1.0.1
