PODS:
  - Alamofire (2.0.2)
  - BrightFutures (3.0.0-beta.4):
    - Result (= 0.6-beta.1)
  - PactConsumerSwift (0.1.3):
    - Alamofire (~> 2.0)
    - BrightFutures (~> 3.0.0-beta)
  - Result (0.6-beta.1)

DEPENDENCIES:
  - PactConsumerSwift (from `https://github.com/DiUS/pact-consumer-swift`, branch
    `swift-2`)

EXTERNAL SOURCES:
  PactConsumerSwift:
    :branch: swift-2
    :git: https://github.com/DiUS/pact-consumer-swift

CHECKOUT OPTIONS:
  PactConsumerSwift:
    :commit: 5daeb91708a2cca7feccc8e3ccec9a000b084152
    :git: https://github.com/DiUS/pact-consumer-swift

SPEC CHECKSUMS:
  Alamofire: 8edbab00802a752bb5240cc2abe70e7e881488ad
  BrightFutures: 80426a07a47f286c3c83ea18c9a6bd4bbd4f3a27
  PactConsumerSwift: 048e91d2ab6f24b741a1389d896ce6bdd07441de
  Result: af24e3e57ab81005ec4221a53fd36dc1e7a52869

COCOAPODS: 0.38.2
