PODS:
  - Alamofire (4.0.1)
  - BrightFutures (5.0.1):
    - Result (~> 3.0)
  - Nimble (5.1.0)
  - PactConsumerSwift (0.4.1):
    - Alamofire (~> 4.0)
    - BrightFutures (~> 5.0)
    - Nimble (~> 5.0)
  - Result (3.0.0)

DEPENDENCIES:
  - PactConsumerSwift (from `https://github.com/DiUS/pact-consumer-swift`, branch `master`)

EXTERNAL SOURCES:
  PactConsumerSwift:
    :branch: master
    :git: https://github.com/DiUS/pact-consumer-swift

CHECKOUT OPTIONS:
  PactConsumerSwift:
    :commit: 6744214bb43017feb5fcc813a2a52ed62cc7132a
    :git: https://github.com/DiUS/pact-consumer-swift

SPEC CHECKSUMS:
  Alamofire: 7682d43245de14874acd142ec137b144aa1dd335
  BrightFutures: 72fbc51227fa912ccdd5af04f2f6cea0b2d401a6
  Nimble: 5ea121a2eda60440287054cde077fc0ad22227b3
  PactConsumerSwift: dd1630521b58b8b6c91a1c308e6106a79fca792f
  Result: 1b3e431f37cbcd3ad89c6aa9ab0ae55515fae3b6

PODFILE CHECKSUM: 669af045626202d44697446fc119cbf4a4b95807

COCOAPODS: 1.2.0.beta.1
