// !$*UTF8*$!
{
	archiveVersion = 1;
	classes = {
	};
	objectVersion = 46;
	objects = {

/* Begin PBXBuildFile section */
		6F32481E48318EA90867C63E /* Pods_PactObjectiveCExampleTests.framework in Frameworks */ = {isa = PBXBuildFile; fileRef = FE507DC8B39C04A2E80A649F /* Pods_PactObjectiveCExampleTests.framework */; };
		A150D8D41A8490EC006E7C2F /* main.m in Sources */ = {isa = PBXBuildFile; fileRef = A150D8D31A8490EC006E7C2F /* main.m */; };
		A150D8D71A8490EC006E7C2F /* AppDelegate.m in Sources */ = {isa = PBXBuildFile; fileRef = A150D8D61A8490EC006E7C2F /* AppDelegate.m */; };
		A150D8DA1A8490EC006E7C2F /* ViewController.m in Sources */ = {isa = PBXBuildFile; fileRef = A150D8D91A8490EC006E7C2F /* ViewController.m */; };
		A150D8DD1A8490EC006E7C2F /* Main.storyboard in Resources */ = {isa = PBXBuildFile; fileRef = A150D8DB1A8490EC006E7C2F /* Main.storyboard */; };
		A150D8DF1A8490EC006E7C2F /* Images.xcassets in Resources */ = {isa = PBXBuildFile; fileRef = A150D8DE1A8490EC006E7C2F /* Images.xcassets */; };
		A150D8E21A8490EC006E7C2F /* LaunchScreen.xib in Resources */ = {isa = PBXBuildFile; fileRef = A150D8E01A8490EC006E7C2F /* LaunchScreen.xib */; };
		A150D9131A849742006E7C2F /* HelloClient.m in Sources */ = {isa = PBXBuildFile; fileRef = A150D9121A849742006E7C2F /* HelloClient.m */; };
		A150D9151A849758006E7C2F /* PactTest.m in Sources */ = {isa = PBXBuildFile; fileRef = A150D9141A849758006E7C2F /* PactTest.m */; };
		A150D9191A8498BB006E7C2F /* BlankClass.swift in Sources */ = {isa = PBXBuildFile; fileRef = A150D9181A8498BB006E7C2F /* BlankClass.swift */; };
/* End PBXBuildFile section */

/* Begin PBXContainerItemProxy section */
		A150D8E81A8490EC006E7C2F /* PBXContainerItemProxy */ = {
			isa = PBXContainerItemProxy;
			containerPortal = A150D8C61A8490EC006E7C2F /* Project object */;
			proxyType = 1;
			remoteGlobalIDString = A150D8CD1A8490EC006E7C2F;
			remoteInfo = PactObjectiveCExample;
		};
		A150D8FC1A849550006E7C2F /* PBXContainerItemProxy */ = {
			isa = PBXContainerItemProxy;
			containerPortal = A150D8F71A849550006E7C2F /* PactConsumerSwift.xcodeproj */;
			proxyType = 2;
			remoteGlobalIDString = A11F1A6B1A5C890D00DAB9CE;
			remoteInfo = PactConsumerSwift;
		};
		A150D8FE1A849550006E7C2F /* PBXContainerItemProxy */ = {
			isa = PBXContainerItemProxy;
			containerPortal = A150D8F71A849550006E7C2F /* PactConsumerSwift.xcodeproj */;
			proxyType = 2;
			remoteGlobalIDString = A11F1A761A5C890E00DAB9CE;
			remoteInfo = PactConsumerSwiftTests;
		};
		A150D9071A84957F006E7C2F /* PBXContainerItemProxy */ = {
			isa = PBXContainerItemProxy;
			containerPortal = A150D9001A84957F006E7C2F /* Alamofire.xcodeproj */;
			proxyType = 2;
			remoteGlobalIDString = F8111E3319A95C8B0040E7D1;
			remoteInfo = "Alamofire iOS";
		};
		A150D9091A84957F006E7C2F /* PBXContainerItemProxy */ = {
			isa = PBXContainerItemProxy;
			containerPortal = A150D9001A84957F006E7C2F /* Alamofire.xcodeproj */;
			proxyType = 2;
			remoteGlobalIDString = 4DD67C0B1A5C55C900ED2280;
			remoteInfo = "Alamofire OSX";
		};
		A150D90B1A84957F006E7C2F /* PBXContainerItemProxy */ = {
			isa = PBXContainerItemProxy;
			containerPortal = A150D9001A84957F006E7C2F /* Alamofire.xcodeproj */;
			proxyType = 2;
			remoteGlobalIDString = F8111E3E19A95C8B0040E7D1;
			remoteInfo = "Alamofire iOS Tests";
		};
		A150D90D1A84957F006E7C2F /* PBXContainerItemProxy */ = {
			isa = PBXContainerItemProxy;
			containerPortal = A150D9001A84957F006E7C2F /* Alamofire.xcodeproj */;
			proxyType = 2;
			remoteGlobalIDString = F829C6B21A7A94F100A2CD59;
			remoteInfo = "Alamofire OSX Tests";
		};
		A150D90F1A8495A0006E7C2F /* PBXContainerItemProxy */ = {
			isa = PBXContainerItemProxy;
			containerPortal = A150D8F71A849550006E7C2F /* PactConsumerSwift.xcodeproj */;
			proxyType = 1;
			remoteGlobalIDString = A11F1A6A1A5C890D00DAB9CE;
			remoteInfo = PactConsumerSwift;
		};
		A168784E1A8B2CE2009B4085 /* PBXContainerItemProxy */ = {
			isa = PBXContainerItemProxy;
			containerPortal = A16878491A8B2CE2009B4085 /* BrightFutures.xcodeproj */;
			proxyType = 2;
			remoteGlobalIDString = E9DF0815194470060083F7F2;
			remoteInfo = BrightFutures;
		};
		A16878501A8B2CE2009B4085 /* PBXContainerItemProxy */ = {
			isa = PBXContainerItemProxy;
			containerPortal = A16878491A8B2CE2009B4085 /* BrightFutures.xcodeproj */;
			proxyType = 2;
			remoteGlobalIDString = E9DF0820194470060083F7F2;
			remoteInfo = BrightFuturesTests;
		};
/* End PBXContainerItemProxy section */

/* Begin PBXFileReference section */
		0E4A51C65D333A9A35C284DB /* Pods-PactObjectiveCExampleTests.release.xcconfig */ = {isa = PBXFileReference; includeInIndex = 1; lastKnownFileType = text.xcconfig; name = "Pods-PactObjectiveCExampleTests.release.xcconfig"; path = "Pods/Target Support Files/Pods-PactObjectiveCExampleTests/Pods-PactObjectiveCExampleTests.release.xcconfig"; sourceTree = "<group>"; };
		A150D8CE1A8490EC006E7C2F /* PactObjectiveCExample.app */ = {isa = PBXFileReference; explicitFileType = wrapper.application; includeInIndex = 0; path = PactObjectiveCExample.app; sourceTree = BUILT_PRODUCTS_DIR; };
		A150D8D21A8490EC006E7C2F /* Info.plist */ = {isa = PBXFileReference; lastKnownFileType = text.plist.xml; path = Info.plist; sourceTree = "<group>"; };
		A150D8D31A8490EC006E7C2F /* main.m */ = {isa = PBXFileReference; lastKnownFileType = sourcecode.c.objc; path = main.m; sourceTree = "<group>"; };
		A150D8D51A8490EC006E7C2F /* AppDelegate.h */ = {isa = PBXFileReference; lastKnownFileType = sourcecode.c.h; path = AppDelegate.h; sourceTree = "<group>"; };
		A150D8D61A8490EC006E7C2F /* AppDelegate.m */ = {isa = PBXFileReference; lastKnownFileType = sourcecode.c.objc; path = AppDelegate.m; sourceTree = "<group>"; };
		A150D8D81A8490EC006E7C2F /* ViewController.h */ = {isa = PBXFileReference; lastKnownFileType = sourcecode.c.h; path = ViewController.h; sourceTree = "<group>"; };
		A150D8D91A8490EC006E7C2F /* ViewController.m */ = {isa = PBXFileReference; lastKnownFileType = sourcecode.c.objc; path = ViewController.m; sourceTree = "<group>"; };
		A150D8DC1A8490EC006E7C2F /* Base */ = {isa = PBXFileReference; lastKnownFileType = file.storyboard; name = Base; path = Base.lproj/Main.storyboard; sourceTree = "<group>"; };
		A150D8DE1A8490EC006E7C2F /* Images.xcassets */ = {isa = PBXFileReference; lastKnownFileType = folder.assetcatalog; path = Images.xcassets; sourceTree = "<group>"; };
		A150D8E11A8490EC006E7C2F /* Base */ = {isa = PBXFileReference; lastKnownFileType = file.xib; name = Base; path = Base.lproj/LaunchScreen.xib; sourceTree = "<group>"; };
		A150D8E71A8490EC006E7C2F /* PactObjectiveCExampleTests.xctest */ = {isa = PBXFileReference; explicitFileType = wrapper.cfbundle; includeInIndex = 0; path = PactObjectiveCExampleTests.xctest; sourceTree = BUILT_PRODUCTS_DIR; };
		A150D8EC1A8490EC006E7C2F /* Info.plist */ = {isa = PBXFileReference; lastKnownFileType = text.plist.xml; path = Info.plist; sourceTree = "<group>"; };
		A150D8F71A849550006E7C2F /* PactConsumerSwift.xcodeproj */ = {isa = PBXFileReference; lastKnownFileType = "wrapper.pb-project"; name = PactConsumerSwift.xcodeproj; path = "Vendor/pact-consumer-swift/PactConsumerSwift.xcodeproj"; sourceTree = SOURCE_ROOT; };
		A150D9001A84957F006E7C2F /* Alamofire.xcodeproj */ = {isa = PBXFileReference; lastKnownFileType = "wrapper.pb-project"; name = Alamofire.xcodeproj; path = "Vendor/pact-consumer-swift/Carthage/Checkouts/Alamofire/Alamofire.xcodeproj"; sourceTree = SOURCE_ROOT; };
		A150D9111A849742006E7C2F /* HelloClient.h */ = {isa = PBXFileReference; fileEncoding = 4; lastKnownFileType = sourcecode.c.h; path = HelloClient.h; sourceTree = "<group>"; };
		A150D9121A849742006E7C2F /* HelloClient.m */ = {isa = PBXFileReference; fileEncoding = 4; lastKnownFileType = sourcecode.c.objc; path = HelloClient.m; sourceTree = "<group>"; };
		A150D9141A849758006E7C2F /* PactTest.m */ = {isa = PBXFileReference; fileEncoding = 4; lastKnownFileType = sourcecode.c.objc; path = PactTest.m; sourceTree = "<group>"; };
		A150D9181A8498BB006E7C2F /* BlankClass.swift */ = {isa = PBXFileReference; fileEncoding = 4; lastKnownFileType = sourcecode.swift; path = BlankClass.swift; sourceTree = "<group>"; };
		A16878491A8B2CE2009B4085 /* BrightFutures.xcodeproj */ = {isa = PBXFileReference; lastKnownFileType = "wrapper.pb-project"; name = BrightFutures.xcodeproj; path = "Vendor/pact-consumer-swift/Carthage/Checkouts/BrightFutures/BrightFutures.xcodeproj"; sourceTree = SOURCE_ROOT; };
		BBE87878AACA87D7A70768A2 /* Pods-PactObjectiveCExampleTests.debug.xcconfig */ = {isa = PBXFileReference; includeInIndex = 1; lastKnownFileType = text.xcconfig; name = "Pods-PactObjectiveCExampleTests.debug.xcconfig"; path = "Pods/Target Support Files/Pods-PactObjectiveCExampleTests/Pods-PactObjectiveCExampleTests.debug.xcconfig"; sourceTree = "<group>"; };
		FE507DC8B39C04A2E80A649F /* Pods_PactObjectiveCExampleTests.framework */ = {isa = PBXFileReference; explicitFileType = wrapper.framework; includeInIndex = 0; path = Pods_PactObjectiveCExampleTests.framework; sourceTree = BUILT_PRODUCTS_DIR; };
/* End PBXFileReference section */

/* Begin PBXFrameworksBuildPhase section */
		A150D8CB1A8490EC006E7C2F /* Frameworks */ = {
			isa = PBXFrameworksBuildPhase;
			buildActionMask = 2147483647;
			files = (
			);
			runOnlyForDeploymentPostprocessing = 0;
		};
		A150D8E41A8490EC006E7C2F /* Frameworks */ = {
			isa = PBXFrameworksBuildPhase;
			buildActionMask = 2147483647;
			files = (
				6F32481E48318EA90867C63E /* Pods_PactObjectiveCExampleTests.framework in Frameworks */,
			);
			runOnlyForDeploymentPostprocessing = 0;
		};
/* End PBXFrameworksBuildPhase section */

/* Begin PBXGroup section */
		1FA2DB8360B82CE02C9510C0 /* Frameworks */ = {
			isa = PBXGroup;
			children = (
				FE507DC8B39C04A2E80A649F /* Pods_PactObjectiveCExampleTests.framework */,
			);
			name = Frameworks;
			sourceTree = "<group>";
		};
		A150D8C51A8490EC006E7C2F = {
			isa = PBXGroup;
			children = (
				A150D8D01A8490EC006E7C2F /* PactObjectiveCExample */,
				A150D8EA1A8490EC006E7C2F /* PactObjectiveCExampleTests */,
				A150D8CF1A8490EC006E7C2F /* Products */,
				D861A19202AFAA0A745E7940 /* Pods */,
				1FA2DB8360B82CE02C9510C0 /* Frameworks */,
			);
			sourceTree = "<group>";
		};
		A150D8CF1A8490EC006E7C2F /* Products */ = {
			isa = PBXGroup;
			children = (
				A150D8CE1A8490EC006E7C2F /* PactObjectiveCExample.app */,
				A150D8E71A8490EC006E7C2F /* PactObjectiveCExampleTests.xctest */,
			);
			name = Products;
			sourceTree = "<group>";
		};
		A150D8D01A8490EC006E7C2F /* PactObjectiveCExample */ = {
			isa = PBXGroup;
			children = (
				A150D9111A849742006E7C2F /* HelloClient.h */,
				A150D9121A849742006E7C2F /* HelloClient.m */,
				A150D8D51A8490EC006E7C2F /* AppDelegate.h */,
				A150D8D61A8490EC006E7C2F /* AppDelegate.m */,
				A150D8D81A8490EC006E7C2F /* ViewController.h */,
				A150D8D91A8490EC006E7C2F /* ViewController.m */,
				A150D8DB1A8490EC006E7C2F /* Main.storyboard */,
				A150D8DE1A8490EC006E7C2F /* Images.xcassets */,
				A150D8E01A8490EC006E7C2F /* LaunchScreen.xib */,
				A150D8D11A8490EC006E7C2F /* Supporting Files */,
			);
			path = PactObjectiveCExample;
			sourceTree = "<group>";
		};
		A150D8D11A8490EC006E7C2F /* Supporting Files */ = {
			isa = PBXGroup;
			children = (
				A150D8D21A8490EC006E7C2F /* Info.plist */,
				A150D8D31A8490EC006E7C2F /* main.m */,
			);
			name = "Supporting Files";
			sourceTree = "<group>";
		};
		A150D8EA1A8490EC006E7C2F /* PactObjectiveCExampleTests */ = {
			isa = PBXGroup;
			children = (
				A150D9181A8498BB006E7C2F /* BlankClass.swift */,
				A150D9141A849758006E7C2F /* PactTest.m */,
				A16878491A8B2CE2009B4085 /* BrightFutures.xcodeproj */,
				A150D9001A84957F006E7C2F /* Alamofire.xcodeproj */,
				A150D8F71A849550006E7C2F /* PactConsumerSwift.xcodeproj */,
				A150D8EB1A8490EC006E7C2F /* Supporting Files */,
			);
			path = PactObjectiveCExampleTests;
			sourceTree = "<group>";
		};
		A150D8EB1A8490EC006E7C2F /* Supporting Files */ = {
			isa = PBXGroup;
			children = (
				A150D8EC1A8490EC006E7C2F /* Info.plist */,
			);
			name = "Supporting Files";
			sourceTree = "<group>";
		};
		A150D8F81A849550006E7C2F /* Products */ = {
			isa = PBXGroup;
			children = (
				A150D8FD1A849550006E7C2F /* PactConsumerSwift.framework */,
				A150D8FF1A849550006E7C2F /* PactConsumerSwiftTests.xctest */,
			);
			name = Products;
			sourceTree = "<group>";
		};
		A150D9011A84957F006E7C2F /* Products */ = {
			isa = PBXGroup;
			children = (
				A150D9081A84957F006E7C2F /* Alamofire.framework */,
				A150D90A1A84957F006E7C2F /* Alamofire.framework */,
				A150D90C1A84957F006E7C2F /* Alamofire iOS Tests.xctest */,
				A150D90E1A84957F006E7C2F /* Alamofire OSX Tests.xctest */,
			);
			name = Products;
			sourceTree = "<group>";
		};
		A168784A1A8B2CE2009B4085 /* Products */ = {
			isa = PBXGroup;
			children = (
				A168784F1A8B2CE2009B4085 /* BrightFutures.framework */,
				A16878511A8B2CE2009B4085 /* BrightFuturesTests.xctest */,
			);
			name = Products;
			sourceTree = "<group>";
		};
		D861A19202AFAA0A745E7940 /* Pods */ = {
			isa = PBXGroup;
			children = (
				BBE87878AACA87D7A70768A2 /* Pods-PactObjectiveCExampleTests.debug.xcconfig */,
				0E4A51C65D333A9A35C284DB /* Pods-PactObjectiveCExampleTests.release.xcconfig */,
			);
			name = Pods;
			sourceTree = "<group>";
		};
/* End PBXGroup section */

/* Begin PBXNativeTarget section */
		A150D8CD1A8490EC006E7C2F /* PactObjectiveCExample */ = {
			isa = PBXNativeTarget;
			buildConfigurationList = A150D8F11A8490EC006E7C2F /* Build configuration list for PBXNativeTarget "PactObjectiveCExample" */;
			buildPhases = (
				A150D8CA1A8490EC006E7C2F /* Sources */,
				A150D8CB1A8490EC006E7C2F /* Frameworks */,
				A150D8CC1A8490EC006E7C2F /* Resources */,
			);
			buildRules = (
			);
			dependencies = (
			);
			name = PactObjectiveCExample;
			productName = PactObjectiveCExample;
			productReference = A150D8CE1A8490EC006E7C2F /* PactObjectiveCExample.app */;
			productType = "com.apple.product-type.application";
		};
		A150D8E61A8490EC006E7C2F /* PactObjectiveCExampleTests */ = {
			isa = PBXNativeTarget;
			buildConfigurationList = A150D8F41A8490EC006E7C2F /* Build configuration list for PBXNativeTarget "PactObjectiveCExampleTests" */;
			buildPhases = (
				9E23E96326F359F72E82332A /* [CP] Check Pods Manifest.lock */,
				A150D8E31A8490EC006E7C2F /* Sources */,
				A150D8E41A8490EC006E7C2F /* Frameworks */,
				A150D8E51A8490EC006E7C2F /* Resources */,
				B7FBCF28C3963666E0965A17 /* [CP] Embed Pods Frameworks */,
				32C1951354E7EBA8B055FA04 /* [CP] Copy Pods Resources */,
			);
			buildRules = (
			);
			dependencies = (
				A150D9101A8495A0006E7C2F /* PBXTargetDependency */,
				A150D8E91A8490EC006E7C2F /* PBXTargetDependency */,
			);
			name = PactObjectiveCExampleTests;
			productName = PactObjectiveCExampleTests;
			productReference = A150D8E71A8490EC006E7C2F /* PactObjectiveCExampleTests.xctest */;
			productType = "com.apple.product-type.bundle.unit-test";
		};
/* End PBXNativeTarget section */

/* Begin PBXProject section */
		A150D8C61A8490EC006E7C2F /* Project object */ = {
			isa = PBXProject;
			attributes = {
				LastSwiftUpdateCheck = 0700;
				LastUpgradeCheck = 0800;
				ORGANIZATIONNAME = "Andrew Spinks";
				TargetAttributes = {
					A150D8CD1A8490EC006E7C2F = {
						CreatedOnToolsVersion = 6.1.1;
						LastSwiftMigration = 0800;
					};
					A150D8E61A8490EC006E7C2F = {
						CreatedOnToolsVersion = 6.1.1;
						LastSwiftMigration = 0800;
						TestTargetID = A150D8CD1A8490EC006E7C2F;
					};
				};
			};
			buildConfigurationList = A150D8C91A8490EC006E7C2F /* Build configuration list for PBXProject "PactObjectiveCExample" */;
			compatibilityVersion = "Xcode 3.2";
			developmentRegion = English;
			hasScannedForEncodings = 0;
			knownRegions = (
				en,
				Base,
			);
			mainGroup = A150D8C51A8490EC006E7C2F;
			productRefGroup = A150D8CF1A8490EC006E7C2F /* Products */;
			projectDirPath = "";
			projectReferences = (
				{
					ProductGroup = A150D9011A84957F006E7C2F /* Products */;
					ProjectRef = A150D9001A84957F006E7C2F /* Alamofire.xcodeproj */;
				},
				{
					ProductGroup = A168784A1A8B2CE2009B4085 /* Products */;
					ProjectRef = A16878491A8B2CE2009B4085 /* BrightFutures.xcodeproj */;
				},
				{
					ProductGroup = A150D8F81A849550006E7C2F /* Products */;
					ProjectRef = A150D8F71A849550006E7C2F /* PactConsumerSwift.xcodeproj */;
				},
			);
			projectRoot = "";
			targets = (
				A150D8CD1A8490EC006E7C2F /* PactObjectiveCExample */,
				A150D8E61A8490EC006E7C2F /* PactObjectiveCExampleTests */,
			);
		};
/* End PBXProject section */

/* Begin PBXReferenceProxy section */
		A150D8FD1A849550006E7C2F /* PactConsumerSwift.framework */ = {
			isa = PBXReferenceProxy;
			fileType = wrapper.framework;
			path = PactConsumerSwift.framework;
			remoteRef = A150D8FC1A849550006E7C2F /* PBXContainerItemProxy */;
			sourceTree = BUILT_PRODUCTS_DIR;
		};
		A150D8FF1A849550006E7C2F /* PactConsumerSwiftTests.xctest */ = {
			isa = PBXReferenceProxy;
			fileType = wrapper.cfbundle;
			path = PactConsumerSwiftTests.xctest;
			remoteRef = A150D8FE1A849550006E7C2F /* PBXContainerItemProxy */;
			sourceTree = BUILT_PRODUCTS_DIR;
		};
		A150D9081A84957F006E7C2F /* Alamofire.framework */ = {
			isa = PBXReferenceProxy;
			fileType = wrapper.framework;
			path = Alamofire.framework;
			remoteRef = A150D9071A84957F006E7C2F /* PBXContainerItemProxy */;
			sourceTree = BUILT_PRODUCTS_DIR;
		};
		A150D90A1A84957F006E7C2F /* Alamofire.framework */ = {
			isa = PBXReferenceProxy;
			fileType = wrapper.framework;
			path = Alamofire.framework;
			remoteRef = A150D9091A84957F006E7C2F /* PBXContainerItemProxy */;
			sourceTree = BUILT_PRODUCTS_DIR;
		};
		A150D90C1A84957F006E7C2F /* Alamofire iOS Tests.xctest */ = {
			isa = PBXReferenceProxy;
			fileType = wrapper.cfbundle;
			path = "Alamofire iOS Tests.xctest";
			remoteRef = A150D90B1A84957F006E7C2F /* PBXContainerItemProxy */;
			sourceTree = BUILT_PRODUCTS_DIR;
		};
		A150D90E1A84957F006E7C2F /* Alamofire OSX Tests.xctest */ = {
			isa = PBXReferenceProxy;
			fileType = wrapper.cfbundle;
			path = "Alamofire OSX Tests.xctest";
			remoteRef = A150D90D1A84957F006E7C2F /* PBXContainerItemProxy */;
			sourceTree = BUILT_PRODUCTS_DIR;
		};
		A168784F1A8B2CE2009B4085 /* BrightFutures.framework */ = {
			isa = PBXReferenceProxy;
			fileType = wrapper.framework;
			path = BrightFutures.framework;
			remoteRef = A168784E1A8B2CE2009B4085 /* PBXContainerItemProxy */;
			sourceTree = BUILT_PRODUCTS_DIR;
		};
		A16878511A8B2CE2009B4085 /* BrightFuturesTests.xctest */ = {
			isa = PBXReferenceProxy;
			fileType = wrapper.cfbundle;
			path = BrightFuturesTests.xctest;
			remoteRef = A16878501A8B2CE2009B4085 /* PBXContainerItemProxy */;
			sourceTree = BUILT_PRODUCTS_DIR;
		};
/* End PBXReferenceProxy section */

/* Begin PBXResourcesBuildPhase section */
		A150D8CC1A8490EC006E7C2F /* Resources */ = {
			isa = PBXResourcesBuildPhase;
			buildActionMask = 2147483647;
			files = (
				A150D8DD1A8490EC006E7C2F /* Main.storyboard in Resources */,
				A150D8E21A8490EC006E7C2F /* LaunchScreen.xib in Resources */,
				A150D8DF1A8490EC006E7C2F /* Images.xcassets in Resources */,
			);
			runOnlyForDeploymentPostprocessing = 0;
		};
		A150D8E51A8490EC006E7C2F /* Resources */ = {
			isa = PBXResourcesBuildPhase;
			buildActionMask = 2147483647;
			files = (
			);
			runOnlyForDeploymentPostprocessing = 0;
		};
/* End PBXResourcesBuildPhase section */

/* Begin PBXShellScriptBuildPhase section */
		32C1951354E7EBA8B055FA04 /* [CP] Copy Pods Resources */ = {
			isa = PBXShellScriptBuildPhase;
			buildActionMask = 2147483647;
			files = (
			);
			inputPaths = (
			);
			name = "[CP] Copy Pods Resources";
			outputPaths = (
			);
			runOnlyForDeploymentPostprocessing = 0;
			shellPath = /bin/sh;
			shellScript = "\"${SRCROOT}/Pods/Target Support Files/Pods-PactObjectiveCExampleTests/Pods-PactObjectiveCExampleTests-resources.sh\"\n";
			showEnvVarsInLog = 0;
		};
		9E23E96326F359F72E82332A /* [CP] Check Pods Manifest.lock */ = {
			isa = PBXShellScriptBuildPhase;
			buildActionMask = 2147483647;
			files = (
			);
			inputPaths = (
			);
			name = "[CP] Check Pods Manifest.lock";
			outputPaths = (
			);
			runOnlyForDeploymentPostprocessing = 0;
			shellPath = /bin/sh;
			shellScript = "diff \"${PODS_ROOT}/../Podfile.lock\" \"${PODS_ROOT}/Manifest.lock\" > /dev/null\nif [ $? != 0 ] ; then\n    # print error to STDERR\n    echo \"error: The sandbox is not in sync with the Podfile.lock. Run 'pod install' or update your CocoaPods installation.\" >&2\n    exit 1\nfi\n";
			showEnvVarsInLog = 0;
		};
		B7FBCF28C3963666E0965A17 /* [CP] Embed Pods Frameworks */ = {
			isa = PBXShellScriptBuildPhase;
			buildActionMask = 2147483647;
			files = (
			);
			inputPaths = (
			);
			name = "[CP] Embed Pods Frameworks";
			outputPaths = (
			);
			runOnlyForDeploymentPostprocessing = 0;
			shellPath = /bin/sh;
			shellScript = "\"${SRCROOT}/Pods/Target Support Files/Pods-PactObjectiveCExampleTests/Pods-PactObjectiveCExampleTests-frameworks.sh\"\n";
			showEnvVarsInLog = 0;
		};
/* End PBXShellScriptBuildPhase section */

/* Begin PBXSourcesBuildPhase section */
		A150D8CA1A8490EC006E7C2F /* Sources */ = {
			isa = PBXSourcesBuildPhase;
			buildActionMask = 2147483647;
			files = (
				A150D8DA1A8490EC006E7C2F /* ViewController.m in Sources */,
				A150D8D71A8490EC006E7C2F /* AppDelegate.m in Sources */,
				A150D8D41A8490EC006E7C2F /* main.m in Sources */,
				A150D9131A849742006E7C2F /* HelloClient.m in Sources */,
			);
			runOnlyForDeploymentPostprocessing = 0;
		};
		A150D8E31A8490EC006E7C2F /* Sources */ = {
			isa = PBXSourcesBuildPhase;
			buildActionMask = 2147483647;
			files = (
				A150D9151A849758006E7C2F /* PactTest.m in Sources */,
				A150D9191A8498BB006E7C2F /* BlankClass.swift in Sources */,
			);
			runOnlyForDeploymentPostprocessing = 0;
		};
/* End PBXSourcesBuildPhase section */

/* Begin PBXTargetDependency section */
		A150D8E91A8490EC006E7C2F /* PBXTargetDependency */ = {
			isa = PBXTargetDependency;
			target = A150D8CD1A8490EC006E7C2F /* PactObjectiveCExample */;
			targetProxy = A150D8E81A8490EC006E7C2F /* PBXContainerItemProxy */;
		};
		A150D9101A8495A0006E7C2F /* PBXTargetDependency */ = {
			isa = PBXTargetDependency;
			name = PactConsumerSwift;
			targetProxy = A150D90F1A8495A0006E7C2F /* PBXContainerItemProxy */;
		};
/* End PBXTargetDependency section */

/* Begin PBXVariantGroup section */
		A150D8DB1A8490EC006E7C2F /* Main.storyboard */ = {
			isa = PBXVariantGroup;
			children = (
				A150D8DC1A8490EC006E7C2F /* Base */,
			);
			name = Main.storyboard;
			sourceTree = "<group>";
		};
		A150D8E01A8490EC006E7C2F /* LaunchScreen.xib */ = {
			isa = PBXVariantGroup;
			children = (
				A150D8E11A8490EC006E7C2F /* Base */,
			);
			name = LaunchScreen.xib;
			sourceTree = "<group>";
		};
/* End PBXVariantGroup section */

/* Begin XCBuildConfiguration section */
		A150D8EF1A8490EC006E7C2F /* Debug */ = {
			isa = XCBuildConfiguration;
			buildSettings = {
				ALWAYS_SEARCH_USER_PATHS = NO;
				CLANG_CXX_LANGUAGE_STANDARD = "gnu++0x";
				CLANG_CXX_LIBRARY = "libc++";
				CLANG_ENABLE_MODULES = YES;
				CLANG_ENABLE_OBJC_ARC = YES;
				CLANG_WARN_BOOL_CONVERSION = YES;
				CLANG_WARN_CONSTANT_CONVERSION = YES;
				CLANG_WARN_DIRECT_OBJC_ISA_USAGE = YES_ERROR;
				CLANG_WARN_EMPTY_BODY = YES;
				CLANG_WARN_ENUM_CONVERSION = YES;
				CLANG_WARN_INFINITE_RECURSION = YES;
				CLANG_WARN_INT_CONVERSION = YES;
				CLANG_WARN_OBJC_ROOT_CLASS = YES_ERROR;
				CLANG_WARN_SUSPICIOUS_MOVE = YES;
				CLANG_WARN_UNREACHABLE_CODE = YES;
				CLANG_WARN__DUPLICATE_METHOD_MATCH = YES;
				"CODE_SIGN_IDENTITY[sdk=iphoneos*]" = "iPhone Developer";
				COPY_PHASE_STRIP = NO;
				ENABLE_STRICT_OBJC_MSGSEND = YES;
				ENABLE_TESTABILITY = YES;
				GCC_C_LANGUAGE_STANDARD = gnu99;
				GCC_DYNAMIC_NO_PIC = NO;
				GCC_NO_COMMON_BLOCKS = YES;
				GCC_OPTIMIZATION_LEVEL = 0;
				GCC_PREPROCESSOR_DEFINITIONS = (
					"DEBUG=1",
					"$(inherited)",
				);
				GCC_SYMBOLS_PRIVATE_EXTERN = NO;
				GCC_WARN_64_TO_32_BIT_CONVERSION = YES;
				GCC_WARN_ABOUT_RETURN_TYPE = YES_ERROR;
				GCC_WARN_UNDECLARED_SELECTOR = YES;
				GCC_WARN_UNINITIALIZED_AUTOS = YES_AGGRESSIVE;
				GCC_WARN_UNUSED_FUNCTION = YES;
				GCC_WARN_UNUSED_VARIABLE = YES;
				IPHONEOS_DEPLOYMENT_TARGET = 9.0;
				MTL_ENABLE_DEBUG_INFO = YES;
				ONLY_ACTIVE_ARCH = YES;
				SDKROOT = iphoneos;
				SWIFT_VERSION = 3.0;
				TARGETED_DEVICE_FAMILY = "1,2";
			};
			name = Debug;
		};
		A150D8F01A8490EC006E7C2F /* Release */ = {
			isa = XCBuildConfiguration;
			buildSettings = {
				ALWAYS_SEARCH_USER_PATHS = NO;
				CLANG_CXX_LANGUAGE_STANDARD = "gnu++0x";
				CLANG_CXX_LIBRARY = "libc++";
				CLANG_ENABLE_MODULES = YES;
				CLANG_ENABLE_OBJC_ARC = YES;
				CLANG_WARN_BOOL_CONVERSION = YES;
				CLANG_WARN_CONSTANT_CONVERSION = YES;
				CLANG_WARN_DIRECT_OBJC_ISA_USAGE = YES_ERROR;
				CLANG_WARN_EMPTY_BODY = YES;
				CLANG_WARN_ENUM_CONVERSION = YES;
				CLANG_WARN_INFINITE_RECURSION = YES;
				CLANG_WARN_INT_CONVERSION = YES;
				CLANG_WARN_OBJC_ROOT_CLASS = YES_ERROR;
				CLANG_WARN_SUSPICIOUS_MOVE = YES;
				CLANG_WARN_UNREACHABLE_CODE = YES;
				CLANG_WARN__DUPLICATE_METHOD_MATCH = YES;
				"CODE_SIGN_IDENTITY[sdk=iphoneos*]" = "iPhone Developer";
				COPY_PHASE_STRIP = YES;
				ENABLE_NS_ASSERTIONS = NO;
				ENABLE_STRICT_OBJC_MSGSEND = YES;
				GCC_C_LANGUAGE_STANDARD = gnu99;
				GCC_NO_COMMON_BLOCKS = YES;
				GCC_WARN_64_TO_32_BIT_CONVERSION = YES;
				GCC_WARN_ABOUT_RETURN_TYPE = YES_ERROR;
				GCC_WARN_UNDECLARED_SELECTOR = YES;
				GCC_WARN_UNINITIALIZED_AUTOS = YES_AGGRESSIVE;
				GCC_WARN_UNUSED_FUNCTION = YES;
				GCC_WARN_UNUSED_VARIABLE = YES;
				IPHONEOS_DEPLOYMENT_TARGET = 9.0;
				MTL_ENABLE_DEBUG_INFO = NO;
				SDKROOT = iphoneos;
				SWIFT_OPTIMIZATION_LEVEL = "-Owholemodule";
				SWIFT_VERSION = 3.0;
				TARGETED_DEVICE_FAMILY = "1,2";
				VALIDATE_PRODUCT = YES;
			};
			name = Release;
		};
		A150D8F21A8490EC006E7C2F /* Debug */ = {
			isa = XCBuildConfiguration;
			buildSettings = {
				ASSETCATALOG_COMPILER_APPICON_NAME = AppIcon;
				INFOPLIST_FILE = PactObjectiveCExample/Info.plist;
				LD_RUNPATH_SEARCH_PATHS = "$(inherited) @executable_path/Frameworks";
				PRODUCT_BUNDLE_IDENTIFIER = "spinks.$(PRODUCT_NAME:rfc1034identifier)";
				PRODUCT_NAME = "$(TARGET_NAME)";
				SWIFT_VERSION = 3.0;
			};
			name = Debug;
		};
		A150D8F31A8490EC006E7C2F /* Release */ = {
			isa = XCBuildConfiguration;
			buildSettings = {
				ASSETCATALOG_COMPILER_APPICON_NAME = AppIcon;
				INFOPLIST_FILE = PactObjectiveCExample/Info.plist;
				LD_RUNPATH_SEARCH_PATHS = "$(inherited) @executable_path/Frameworks";
				PRODUCT_BUNDLE_IDENTIFIER = "spinks.$(PRODUCT_NAME:rfc1034identifier)";
				PRODUCT_NAME = "$(TARGET_NAME)";
				SWIFT_VERSION = 3.0;
			};
			name = Release;
		};
		A150D8F51A8490EC006E7C2F /* Debug */ = {
			isa = XCBuildConfiguration;
			baseConfigurationReference = BBE87878AACA87D7A70768A2 /* Pods-PactObjectiveCExampleTests.debug.xcconfig */;
			buildSettings = {
				BUNDLE_LOADER = "$(TEST_HOST)";
				FRAMEWORK_SEARCH_PATHS = (
					"$(SDKROOT)/Developer/Library/Frameworks",
					"$(inherited)",
				);
				GCC_PREPROCESSOR_DEFINITIONS = (
					"DEBUG=1",
					"$(inherited)",
				);
				INFOPLIST_FILE = PactObjectiveCExampleTests/Info.plist;
				LD_RUNPATH_SEARCH_PATHS = "$(inherited) @executable_path/Frameworks @loader_path/Frameworks";
				PRODUCT_BUNDLE_IDENTIFIER = "spinks.$(PRODUCT_NAME:rfc1034identifier)";
				PRODUCT_NAME = "$(TARGET_NAME)";
				SWIFT_VERSION = 3.0;
				TEST_HOST = "$(BUILT_PRODUCTS_DIR)/PactObjectiveCExample.app/PactObjectiveCExample";
			};
			name = Debug;
		};
		A150D8F61A8490EC006E7C2F /* Release */ = {
			isa = XCBuildConfiguration;
			baseConfigurationReference = 0E4A51C65D333A9A35C284DB /* Pods-PactObjectiveCExampleTests.release.xcconfig */;
			buildSettings = {
				BUNDLE_LOADER = "$(TEST_HOST)";
				FRAMEWORK_SEARCH_PATHS = (
					"$(SDKROOT)/Developer/Library/Frameworks",
					"$(inherited)",
				);
				INFOPLIST_FILE = PactObjectiveCExampleTests/Info.plist;
				LD_RUNPATH_SEARCH_PATHS = "$(inherited) @executable_path/Frameworks @loader_path/Frameworks";
				PRODUCT_BUNDLE_IDENTIFIER = "spinks.$(PRODUCT_NAME:rfc1034identifier)";
				PRODUCT_NAME = "$(TARGET_NAME)";
				SWIFT_VERSION = 3.0;
				TEST_HOST = "$(BUILT_PRODUCTS_DIR)/PactObjectiveCExample.app/PactObjectiveCExample";
			};
			name = Release;
		};
/* End XCBuildConfiguration section */

/* Begin XCConfigurationList section */
		A150D8C91A8490EC006E7C2F /* Build configuration list for PBXProject "PactObjectiveCExample" */ = {
			isa = XCConfigurationList;
			buildConfigurations = (
				A150D8EF1A8490EC006E7C2F /* Debug */,
				A150D8F01A8490EC006E7C2F /* Release */,
			);
			defaultConfigurationIsVisible = 0;
			defaultConfigurationName = Release;
		};
		A150D8F11A8490EC006E7C2F /* Build configuration list for PBXNativeTarget "PactObjectiveCExample" */ = {
			isa = XCConfigurationList;
			buildConfigurations = (
				A150D8F21A8490EC006E7C2F /* Debug */,
				A150D8F31A8490EC006E7C2F /* Release */,
			);
			defaultConfigurationIsVisible = 0;
			defaultConfigurationName = Release;
		};
		A150D8F41A8490EC006E7C2F /* Build configuration list for PBXNativeTarget "PactObjectiveCExampleTests" */ = {
			isa = XCConfigurationList;
			buildConfigurations = (
				A150D8F51A8490EC006E7C2F /* Debug */,
				A150D8F61A8490EC006E7C2F /* Release */,
			);
			defaultConfigurationIsVisible = 0;
			defaultConfigurationName = Release;
		};
/* End XCConfigurationList section */
	};
	rootObject = A150D8C61A8490EC006E7C2F /* Project object */;
}
